
Microsoft Visual Studio Solution File, Format Version 12.00
# Visual Studio 2013
VisualStudioVersion = 12.0.31101.0
MinimumVisualStudioVersion = 10.0.40219.1
Project("{888888A0-9F3D-457C-B088-3A5042F75D52}") = "vouchersystem_customer", "vouchersystem_customer\vouchersystem_customer.pyproj", "{AAD9EB93-EBBB-4694-826D-25A561DF96FF}"
EndProject
Global
	GlobalSection(SolutionConfigurationPlatforms) = preSolution
		Debug|Any CPU = Debug|Any CPU
		Release|Any CPU = Release|Any CPU
	EndGlobalSection
	GlobalSection(ProjectConfigurationPlatforms) = postSolution
		{AAD9EB93-EBBB-4694-826D-25A561DF96FF}.Debug|Any CPU.ActiveCfg = Debug|Any CPU
		{AAD9EB93-EBBB-4694-826D-25A561DF96FF}.Debug|Any CPU.Build.0 = Debug|Any CPU
		{AAD9EB93-EBBB-4694-826D-25A561DF96FF}.Release|Any CPU.ActiveCfg = Release|Any CPU
		{AAD9EB93-EBBB-4694-826D-25A561DF96FF}.Release|Any CPU.Build.0 = Release|Any CPU
	EndGlobalSection
	GlobalSection(SolutionProperties) = preSolution
		HideSolutionNode = FALSE
	EndGlobalSection
EndGlobal
